// !$*UTF8*$!
{
	archiveVersion = 1;
	classes = {
	};
	objectVersion = 77;
	objects = {

/* Begin PBXBuildFile section */
		A7EA491C2DC84592002923D0 /* HTTPMethod.swift in Sources */ = {isa = PBXBuildFile; fileRef = A7EA491B2DC84592002923D0 /* HTTPMethod.swift */; };
		A7EA49392DC969F3002923D0 /* Config.xcconfig in Resources */ = {isa = PBXBuildFile; fileRef = A7EA49382DC969F3002923D0 /* Config.xcconfig */; };
		A7EA49412DC96E73002923D0 /* SwiftKeychainWrapper in Frameworks */ = {isa = PBXBuildFile; productRef = A7EA49402DC96E73002923D0 /* SwiftKeychainWrapper */; };
/* End PBXBuildFile section */

/* Begin PBXContainerItemProxy section */
		A7251DD22DC81F4800BDD70B /* PBXContainerItemProxy */ = {
			isa = PBXContainerItemProxy;
			containerPortal = A7251DB32DC81F4500BDD70B /* Project object */;
			proxyType = 1;
			remoteGlobalIDString = A7251DBA2DC81F4500BDD70B;
			remoteInfo = Products;
		};
		A7251DDC2DC81F4800BDD70B /* PBXContainerItemProxy */ = {
			isa = PBXContainerItemProxy;
			containerPortal = A7251DB32DC81F4500BDD70B /* Project object */;
			proxyType = 1;
			remoteGlobalIDString = A7251DBA2DC81F4500BDD70B;
			remoteInfo = Products;
		};
/* End PBXContainerItemProxy section */

/* Begin PBXFileReference section */
		A7251DBB2DC81F4500BDD70B /* Products.app */ = {isa = PBXFileReference; explicitFileType = wrapper.application; includeInIndex = 0; path = Products.app; sourceTree = BUILT_PRODUCTS_DIR; };
		A7251DD12DC81F4800BDD70B /* ProductsTests.xctest */ = {isa = PBXFileReference; explicitFileType = wrapper.cfbundle; includeInIndex = 0; path = ProductsTests.xctest; sourceTree = BUILT_PRODUCTS_DIR; };
		A7251DDB2DC81F4800BDD70B /* ProductsUITests.xctest */ = {isa = PBXFileReference; explicitFileType = wrapper.cfbundle; includeInIndex = 0; path = ProductsUITests.xctest; sourceTree = BUILT_PRODUCTS_DIR; };
		A7EA491B2DC84592002923D0 /* HTTPMethod.swift */ = {isa = PBXFileReference; lastKnownFileType = sourcecode.swift; name = HTTPMethod.swift; path = Products/Service/HTTPMethod.swift; sourceTree = "<group>"; };
		A7EA49382DC969F3002923D0 /* Config.xcconfig */ = {isa = PBXFileReference; lastKnownFileType = text.xcconfig; path = Config.xcconfig; sourceTree = "<group>"; };
/* End PBXFileReference section */

/* Begin PBXFileSystemSynchronizedBuildFileExceptionSet section */
		A7251DE32DC81F4800BDD70B /* Exceptions for "Products" folder in "Products" target */ = {
			isa = PBXFileSystemSynchronizedBuildFileExceptionSet;
			membershipExceptions = (
				Info.plist,
			);
			target = A7251DBA2DC81F4500BDD70B /* Products */;
		};
/* End PBXFileSystemSynchronizedBuildFileExceptionSet section */

/* Begin PBXFileSystemSynchronizedRootGroup section */
		A7251DBD2DC81F4500BDD70B /* Products */ = {
			isa = PBXFileSystemSynchronizedRootGroup;
			exceptions = (
				A7251DE32DC81F4800BDD70B /* Exceptions for "Products" folder in "Products" target */,
			);
			path = Products;
			sourceTree = "<group>";
		};
		A7251DD42DC81F4800BDD70B /* ProductsTests */ = {
			isa = PBXFileSystemSynchronizedRootGroup;
			path = ProductsTests;
			sourceTree = "<group>";
		};
		A7251DDE2DC81F4800BDD70B /* ProductsUITests */ = {
			isa = PBXFileSystemSynchronizedRootGroup;
			path = ProductsUITests;
			sourceTree = "<group>";
		};
/* End PBXFileSystemSynchronizedRootGroup section */

/* Begin PBXFrameworksBuildPhase section */
		A7251DB82DC81F4500BDD70B /* Frameworks */ = {
			isa = PBXFrameworksBuildPhase;
			buildActionMask = 2147483647;
			files = (
				A7EA49412DC96E73002923D0 /* SwiftKeychainWrapper in Frameworks */,
			);
			runOnlyForDeploymentPostprocessing = 0;
		};
		A7251DCE2DC81F4800BDD70B /* Frameworks */ = {
			isa = PBXFrameworksBuildPhase;
			buildActionMask = 2147483647;
			files = (
			);
			runOnlyForDeploymentPostprocessing = 0;
		};
		A7251DD82DC81F4800BDD70B /* Frameworks */ = {
			isa = PBXFrameworksBuildPhase;
			buildActionMask = 2147483647;
			files = (
			);
			runOnlyForDeploymentPostprocessing = 0;
		};
/* End PBXFrameworksBuildPhase section */

/* Begin PBXGroup section */
		A7251DB22DC81F4500BDD70B = {
			isa = PBXGroup;
			children = (
				A7EA491B2DC84592002923D0 /* HTTPMethod.swift */,
				A7251DD42DC81F4800BDD70B /* ProductsTests */,
				A7251DDE2DC81F4800BDD70B /* ProductsUITests */,
				A7251DBD2DC81F4500BDD70B /* Products */,
				A7EA49382DC969F3002923D0 /* Config.xcconfig */,
				A7251DBC2DC81F4500BDD70B /* Products */,
			);
			sourceTree = "<group>";
		};
		A7251DBC2DC81F4500BDD70B /* Products */ = {
			isa = PBXGroup;
			children = (
				A7251DBB2DC81F4500BDD70B /* Products.app */,
				A7251DD12DC81F4800BDD70B /* ProductsTests.xctest */,
				A7251DDB2DC81F4800BDD70B /* ProductsUITests.xctest */,
			);
			name = Products;
			sourceTree = "<group>";
		};
/* End PBXGroup section */

/* Begin PBXNativeTarget section */
		A7251DBA2DC81F4500BDD70B /* Products */ = {
			isa = PBXNativeTarget;
			buildConfigurationList = A7251DE42DC81F4800BDD70B /* Build configuration list for PBXNativeTarget "Products" */;
			buildPhases = (
				A7251DB72DC81F4500BDD70B /* Sources */,
				A7251DB82DC81F4500BDD70B /* Frameworks */,
				A7251DB92DC81F4500BDD70B /* Resources */,
			);
			buildRules = (
			);
			dependencies = (
			);
			fileSystemSynchronizedGroups = (
				A7251DBD2DC81F4500BDD70B /* Products */,
			);
			name = Products;
			packageProductDependencies = (
				A7EA49402DC96E73002923D0 /* SwiftKeychainWrapper */,
			);
			productName = Products;
			productReference = A7251DBB2DC81F4500BDD70B /* Products.app */;
			productType = "com.apple.product-type.application";
		};
		A7251DD02DC81F4800BDD70B /* ProductsTests */ = {
			isa = PBXNativeTarget;
			buildConfigurationList = A7251DE92DC81F4800BDD70B /* Build configuration list for PBXNativeTarget "ProductsTests" */;
			buildPhases = (
				A7251DCD2DC81F4800BDD70B /* Sources */,
				A7251DCE2DC81F4800BDD70B /* Frameworks */,
				A7251DCF2DC81F4800BDD70B /* Resources */,
			);
			buildRules = (
			);
			dependencies = (
				A7251DD32DC81F4800BDD70B /* PBXTargetDependency */,
			);
			fileSystemSynchronizedGroups = (
				A7251DD42DC81F4800BDD70B /* ProductsTests */,
			);
			name = ProductsTests;
			packageProductDependencies = (
			);
			productName = ProductsTests;
			productReference = A7251DD12DC81F4800BDD70B /* ProductsTests.xctest */;
			productType = "com.apple.product-type.bundle.unit-test";
		};
		A7251DDA2DC81F4800BDD70B /* ProductsUITests */ = {
			isa = PBXNativeTarget;
			buildConfigurationList = A7251DEC2DC81F4800BDD70B /* Build configuration list for PBXNativeTarget "ProductsUITests" */;
			buildPhases = (
				A7251DD72DC81F4800BDD70B /* Sources */,
				A7251DD82DC81F4800BDD70B /* Frameworks */,
				A7251DD92DC81F4800BDD70B /* Resources */,
			);
			buildRules = (
			);
			dependencies = (
				A7251DDD2DC81F4800BDD70B /* PBXTargetDependency */,
			);
			fileSystemSynchronizedGroups = (
				A7251DDE2DC81F4800BDD70B /* ProductsUITests */,
			);
			name = ProductsUITests;
			packageProductDependencies = (
			);
			productName = ProductsUITests;
			productReference = A7251DDB2DC81F4800BDD70B /* ProductsUITests.xctest */;
			productType = "com.apple.product-type.bundle.ui-testing";
		};
/* End PBXNativeTarget section */

/* Begin PBXProject section */
		A7251DB32DC81F4500BDD70B /* Project object */ = {
			isa = PBXProject;
			attributes = {
				BuildIndependentTargetsInParallel = 1;
				LastSwiftUpdateCheck = 1620;
				LastUpgradeCheck = 1620;
				TargetAttributes = {
					A7251DBA2DC81F4500BDD70B = {
						CreatedOnToolsVersion = 16.2;
					};
					A7251DD02DC81F4800BDD70B = {
						CreatedOnToolsVersion = 16.2;
						TestTargetID = A7251DBA2DC81F4500BDD70B;
					};
					A7251DDA2DC81F4800BDD70B = {
						CreatedOnToolsVersion = 16.2;
						TestTargetID = A7251DBA2DC81F4500BDD70B;
					};
				};
			};
			buildConfigurationList = A7251DB62DC81F4500BDD70B /* Build configuration list for PBXProject "Products" */;
			developmentRegion = en;
			hasScannedForEncodings = 0;
			knownRegions = (
				en,
				Base,
			);
			mainGroup = A7251DB22DC81F4500BDD70B;
			minimizedProjectReferenceProxies = 1;
			packageReferences = (
				A7EA493F2DC96E73002923D0 /* XCRemoteSwiftPackageReference "SwiftKeychainWrapper" */,
			);
			preferredProjectObjectVersion = 77;
			productRefGroup = A7251DBC2DC81F4500BDD70B /* Products */;
			projectDirPath = "";
			projectRoot = "";
			targets = (
				A7251DBA2DC81F4500BDD70B /* Products */,
				A7251DD02DC81F4800BDD70B /* ProductsTests */,
				A7251DDA2DC81F4800BDD70B /* ProductsUITests */,
			);
		};
/* End PBXProject section */

/* Begin PBXResourcesBuildPhase section */
		A7251DB92DC81F4500BDD70B /* Resources */ = {
			isa = PBXResourcesBuildPhase;
			buildActionMask = 2147483647;
			files = (
				A7EA49392DC969F3002923D0 /* Config.xcconfig in Resources */,
			);
			runOnlyForDeploymentPostprocessing = 0;
		};
		A7251DCF2DC81F4800BDD70B /* Resources */ = {
			isa = PBXResourcesBuildPhase;
			buildActionMask = 2147483647;
			files = (
			);
			runOnlyForDeploymentPostprocessing = 0;
		};
		A7251DD92DC81F4800BDD70B /* Resources */ = {
			isa = PBXResourcesBuildPhase;
			buildActionMask = 2147483647;
			files = (
			);
			runOnlyForDeploymentPostprocessing = 0;
		};
/* End PBXResourcesBuildPhase section */

/* Begin PBXSourcesBuildPhase section */
		A7251DB72DC81F4500BDD70B /* Sources */ = {
			isa = PBXSourcesBuildPhase;
			buildActionMask = 2147483647;
			files = (
				A7EA491C2DC84592002923D0 /* HTTPMethod.swift in Sources */,
			);
			runOnlyForDeploymentPostprocessing = 0;
		};
		A7251DCD2DC81F4800BDD70B /* Sources */ = {
			isa = PBXSourcesBuildPhase;
			buildActionMask = 2147483647;
			files = (
			);
			runOnlyForDeploymentPostprocessing = 0;
		};
		A7251DD72DC81F4800BDD70B /* Sources */ = {
			isa = PBXSourcesBuildPhase;
			buildActionMask = 2147483647;
			files = (
			);
			runOnlyForDeploymentPostprocessing = 0;
		};
/* End PBXSourcesBuildPhase section */

/* Begin PBXTargetDependency section */
		A7251DD32DC81F4800BDD70B /* PBXTargetDependency */ = {
			isa = PBXTargetDependency;
			target = A7251DBA2DC81F4500BDD70B /* Products */;
			targetProxy = A7251DD22DC81F4800BDD70B /* PBXContainerItemProxy */;
		};
		A7251DDD2DC81F4800BDD70B /* PBXTargetDependency */ = {
			isa = PBXTargetDependency;
			target = A7251DBA2DC81F4500BDD70B /* Products */;
			targetProxy = A7251DDC2DC81F4800BDD70B /* PBXContainerItemProxy */;
		};
/* End PBXTargetDependency section */

/* Begin XCBuildConfiguration section */
		A7251DE52DC81F4800BDD70B /* Debug */ = {
			isa = XCBuildConfiguration;
			baseConfigurationReference = A7EA49382DC969F3002923D0 /* Config.xcconfig */;
			buildSettings = {
				ASSETCATALOG_COMPILER_APPICON_NAME = AppIcon;
				ASSETCATALOG_COMPILER_GLOBAL_ACCENT_COLOR_NAME = AccentColor;
				CODE_SIGN_STYLE = Automatic;
				CURRENT_PROJECT_VERSION = 1;
				GENERATE_INFOPLIST_FILE = YES;
				INFOPLIST_FILE = Products/Info.plist;
				INFOPLIST_KEY_UIApplicationSupportsIndirectInputEvents = YES;
				INFOPLIST_KEY_UILaunchStoryboardName = LaunchScreen;
				INFOPLIST_KEY_UISupportedInterfaceOrientations_iPad = "UIInterfaceOrientationPortrait UIInterfaceOrientationPortraitUpsideDown UIInterfaceOrientationLandscapeLeft UIInterfaceOrientationLandscapeRight";
				INFOPLIST_KEY_UISupportedInterfaceOrientations_iPhone = "UIInterfaceOrientationPortrait UIInterfaceOrientationLandscapeLeft UIInterfaceOrientationLandscapeRight";
				LD_RUNPATH_SEARCH_PATHS = (
					"$(inherited)",
					"@executable_path/Frameworks",
				);
				MARKETING_VERSION = 1.0;
				PRODUCT_BUNDLE_IDENTIFIER = jsonDummy.Products;
				PRODUCT_NAME = "$(TARGET_NAME)";
				SWIFT_EMIT_LOC_STRINGS = YES;
				SWIFT_VERSION = 5.0;
				TARGETED_DEVICE_FAMILY = "1,2";
			};
			name = Debug;
		};
		A7251DE62DC81F4800BDD70B /* Release */ = {
			isa = XCBuildConfiguration;
			baseConfigurationReference = A7EA49382DC969F3002923D0 /* Config.xcconfig */;
			buildSettings = {
				ASSETCATALOG_COMPILER_APPICON_NAME = AppIcon;
				ASSETCATALOG_COMPILER_GLOBAL_ACCENT_COLOR_NAME = AccentColor;
				CODE_SIGN_STYLE = Automatic;
				CURRENT_PROJECT_VERSION = 1;
				GENERATE_INFOPLIST_FILE = YES;
				INFOPLIST_FILE = Products/Info.plist;
				INFOPLIST_KEY_UIApplicationSupportsIndirectInputEvents = YES;
				INFOPLIST_KEY_UILaunchStoryboardName = LaunchScreen;
				INFOPLIST_KEY_UISupportedInterfaceOrientations_iPad = "UIInterfaceOrientationPortrait UIInterfaceOrientationPortraitUpsideDown UIInterfaceOrientationLandscapeLeft UIInterfaceOrientationLandscapeRight";
				INFOPLIST_KEY_UISupportedInterfaceOrientations_iPhone = "UIInterfaceOrientationPortrait UIInterfaceOrientationLandscapeLeft UIInterfaceOrientationLandscapeRight";
				LD_RUNPATH_SEARCH_PATHS = (
					"$(inherited)",
					"@executable_path/Frameworks",
				);
				MARKETING_VERSION = 1.0;
				PRODUCT_BUNDLE_IDENTIFIER = jsonDummy.Products;
				PRODUCT_NAME = "$(TARGET_NAME)";
				SWIFT_EMIT_LOC_STRINGS = YES;
				SWIFT_VERSION = 5.0;
				TARGETED_DEVICE_FAMILY = "1,2";
			};
			name = Release;
		};
		A7251DE72DC81F4800BDD70B /* Debug */ = {
			isa = XCBuildConfiguration;
			buildSettings = {
				ALWAYS_SEARCH_USER_PATHS = NO;
				ASSETCATALOG_COMPILER_GENERATE_SWIFT_ASSET_SYMBOL_EXTENSIONS = YES;
				CLANG_ANALYZER_NONNULL = YES;
				CLANG_ANALYZER_NUMBER_OBJECT_CONVERSION = YES_AGGRESSIVE;
				CLANG_CXX_LANGUAGE_STANDARD = "gnu++20";
				CLANG_ENABLE_MODULES = YES;
				CLANG_ENABLE_OBJC_ARC = YES;
				CLANG_ENABLE_OBJC_WEAK = YES;
				CLANG_WARN_BLOCK_CAPTURE_AUTORELEASING = YES;
				CLANG_WARN_BOOL_CONVERSION = YES;
				CLANG_WARN_COMMA = YES;
				CLANG_WARN_CONSTANT_CONVERSION = YES;
				CLANG_WARN_DEPRECATED_OBJC_IMPLEMENTATIONS = YES;
				CLANG_WARN_DIRECT_OBJC_ISA_USAGE = YES_ERROR;
				CLANG_WARN_DOCUMENTATION_COMMENTS = YES;
				CLANG_WARN_EMPTY_BODY = YES;
				CLANG_WARN_ENUM_CONVERSION = YES;
				CLANG_WARN_INFINITE_RECURSION = YES;
				CLANG_WARN_INT_CONVERSION = YES;
				CLANG_WARN_NON_LITERAL_NULL_CONVERSION = YES;
				CLANG_WARN_OBJC_IMPLICIT_RETAIN_SELF = YES;
				CLANG_WARN_OBJC_LITERAL_CONVERSION = YES;
				CLANG_WARN_OBJC_ROOT_CLASS = YES_ERROR;
				CLANG_WARN_QUOTED_INCLUDE_IN_FRAMEWORK_HEADER = YES;
				CLANG_WARN_RANGE_LOOP_ANALYSIS = YES;
				CLANG_WARN_STRICT_PROTOTYPES = YES;
				CLANG_WARN_SUSPICIOUS_MOVE = YES;
				CLANG_WARN_UNGUARDED_AVAILABILITY = YES_AGGRESSIVE;
				CLANG_WARN_UNREACHABLE_CODE = YES;
				CLANG_WARN__DUPLICATE_METHOD_MATCH = YES;
				COPY_PHASE_STRIP = NO;
				DEBUG_INFORMATION_FORMAT = dwarf;
				ENABLE_STRICT_OBJC_MSGSEND = YES;
				ENABLE_TESTABILITY = YES;
				ENABLE_USER_SCRIPT_SANDBOXING = YES;
				GCC_C_LANGUAGE_STANDARD = gnu17;
				GCC_DYNAMIC_NO_PIC = NO;
				GCC_NO_COMMON_BLOCKS = YES;
				GCC_OPTIMIZATION_LEVEL = 0;
				GCC_PREPROCESSOR_DEFINITIONS = (
					"DEBUG=1",
					"$(inherited)",
				);
				GCC_WARN_64_TO_32_BIT_CONVERSION = YES;
				GCC_WARN_ABOUT_RETURN_TYPE = YES_ERROR;
				GCC_WARN_UNDECLARED_SELECTOR = YES;
				GCC_WARN_UNINITIALIZED_AUTOS = YES_AGGRESSIVE;
				GCC_WARN_UNUSED_FUNCTION = YES;
				GCC_WARN_UNUSED_VARIABLE = YES;
				IPHONEOS_DEPLOYMENT_TARGET = 18.2;
				LOCALIZATION_PREFERS_STRING_CATALOGS = YES;
				MTL_ENABLE_DEBUG_INFO = INCLUDE_SOURCE;
				MTL_FAST_MATH = YES;
				ONLY_ACTIVE_ARCH = YES;
				SDKROOT = iphoneos;
				SWIFT_ACTIVE_COMPILATION_CONDITIONS = "DEBUG $(inherited)";
				SWIFT_OPTIMIZATION_LEVEL = "-Onone";
			};
			name = Debug;
		};
		A7251DE82DC81F4800BDD70B /* Release */ = {
			isa = XCBuildConfiguration;
			buildSettings = {
				ALWAYS_SEARCH_USER_PATHS = NO;
				ASSETCATALOG_COMPILER_GENERATE_SWIFT_ASSET_SYMBOL_EXTENSIONS = YES;
				CLANG_ANALYZER_NONNULL = YES;
				CLANG_ANALYZER_NUMBER_OBJECT_CONVERSION = YES_AGGRESSIVE;
				CLANG_CXX_LANGUAGE_STANDARD = "gnu++20";
				CLANG_ENABLE_MODULES = YES;
				CLANG_ENABLE_OBJC_ARC = YES;
				CLANG_ENABLE_OBJC_WEAK = YES;
				CLANG_WARN_BLOCK_CAPTURE_AUTORELEASING = YES;
				CLANG_WARN_BOOL_CONVERSION = YES;
				CLANG_WARN_COMMA = YES;
				CLANG_WARN_CONSTANT_CONVERSION = YES;
				CLANG_WARN_DEPRECATED_OBJC_IMPLEMENTATIONS = YES;
				CLANG_WARN_DIRECT_OBJC_ISA_USAGE = YES_ERROR;
				CLANG_WARN_DOCUMENTATION_COMMENTS = YES;
				CLANG_WARN_EMPTY_BODY = YES;
				CLANG_WARN_ENUM_CONVERSION = YES;
				CLANG_WARN_INFINITE_RECURSION = YES;
				CLANG_WARN_INT_CONVERSION = YES;
				CLANG_WARN_NON_LITERAL_NULL_CONVERSION = YES;
				CLANG_WARN_OBJC_IMPLICIT_RETAIN_SELF = YES;
				CLANG_WARN_OBJC_LITERAL_CONVERSION = YES;
				CLANG_WARN_OBJC_ROOT_CLASS = YES_ERROR;
				CLANG_WARN_QUOTED_INCLUDE_IN_FRAMEWORK_HEADER = YES;
				CLANG_WARN_RANGE_LOOP_ANALYSIS = YES;
				CLANG_WARN_STRICT_PROTOTYPES = YES;
				CLANG_WARN_SUSPICIOUS_MOVE = YES;
				CLANG_WARN_UNGUARDED_AVAILABILITY = YES_AGGRESSIVE;
				CLANG_WARN_UNREACHABLE_CODE = YES;
				CLANG_WARN__DUPLICATE_METHOD_MATCH = YES;
				COPY_PHASE_STRIP = NO;
				DEBUG_INFORMATION_FORMAT = "dwarf-with-dsym";
				ENABLE_NS_ASSERTIONS = NO;
				ENABLE_STRICT_OBJC_MSGSEND = YES;
				ENABLE_USER_SCRIPT_SANDBOXING = YES;
				GCC_C_LANGUAGE_STANDARD = gnu17;
				GCC_NO_COMMON_BLOCKS = YES;
				GCC_WARN_64_TO_32_BIT_CONVERSION = YES;
				GCC_WARN_ABOUT_RETURN_TYPE = YES_ERROR;
				GCC_WARN_UNDECLARED_SELECTOR = YES;
				GCC_WARN_UNINITIALIZED_AUTOS = YES_AGGRESSIVE;
				GCC_WARN_UNUSED_FUNCTION = YES;
				GCC_WARN_UNUSED_VARIABLE = YES;
				IPHONEOS_DEPLOYMENT_TARGET = 18.2;
				LOCALIZATION_PREFERS_STRING_CATALOGS = YES;
				MTL_ENABLE_DEBUG_INFO = NO;
				MTL_FAST_MATH = YES;
				SDKROOT = iphoneos;
				SWIFT_COMPILATION_MODE = wholemodule;
				VALIDATE_PRODUCT = YES;
			};
			name = Release;
		};
		A7251DEA2DC81F4800BDD70B /* Debug */ = {
			isa = XCBuildConfiguration;
			baseConfigurationReference = A7EA49382DC969F3002923D0 /* Config.xcconfig */;
			buildSettings = {
				BUNDLE_LOADER = "$(TEST_HOST)";
				CODE_SIGN_STYLE = Automatic;
				CURRENT_PROJECT_VERSION = 1;
				GENERATE_INFOPLIST_FILE = YES;
				IPHONEOS_DEPLOYMENT_TARGET = 18.2;
				MARKETING_VERSION = 1.0;
				PRODUCT_BUNDLE_IDENTIFIER = jsonDummy.ProductsTests;
				PRODUCT_NAME = "$(TARGET_NAME)";
				SWIFT_EMIT_LOC_STRINGS = NO;
				SWIFT_VERSION = 5.0;
				TARGETED_DEVICE_FAMILY = "1,2";
				TEST_HOST = "$(BUILT_PRODUCTS_DIR)/Products.app/$(BUNDLE_EXECUTABLE_FOLDER_PATH)/Products";
			};
			name = Debug;
		};
		A7251DEB2DC81F4800BDD70B /* Release */ = {
			isa = XCBuildConfiguration;
			baseConfigurationReference = A7EA49382DC969F3002923D0 /* Config.xcconfig */;
			buildSettings = {
				BUNDLE_LOADER = "$(TEST_HOST)";
				CODE_SIGN_STYLE = Automatic;
				CURRENT_PROJECT_VERSION = 1;
				GENERATE_INFOPLIST_FILE = YES;
				IPHONEOS_DEPLOYMENT_TARGET = 18.2;
				MARKETING_VERSION = 1.0;
				PRODUCT_BUNDLE_IDENTIFIER = jsonDummy.ProductsTests;
				PRODUCT_NAME = "$(TARGET_NAME)";
				SWIFT_EMIT_LOC_STRINGS = NO;
				SWIFT_VERSION = 5.0;
				TARGETED_DEVICE_FAMILY = "1,2";
				TEST_HOST = "$(BUILT_PRODUCTS_DIR)/Products.app/$(BUNDLE_EXECUTABLE_FOLDER_PATH)/Products";
			};
			name = Release;
		};
		A7251DED2DC81F4800BDD70B /* Debug */ = {
			isa = XCBuildConfiguration;
			baseConfigurationReference = A7EA49382DC969F3002923D0 /* Config.xcconfig */;
			buildSettings = {
				CODE_SIGN_STYLE = Automatic;
				CURRENT_PROJECT_VERSION = 1;
				GENERATE_INFOPLIST_FILE = YES;
				MARKETING_VERSION = 1.0;
				PRODUCT_BUNDLE_IDENTIFIER = jsonDummy.ProductsUITests;
				PRODUCT_NAME = "$(TARGET_NAME)";
				SWIFT_EMIT_LOC_STRINGS = NO;
				SWIFT_VERSION = 5.0;
				TARGETED_DEVICE_FAMILY = "1,2";
				TEST_TARGET_NAME = Products;
			};
			name = Debug;
		};
		A7251DEE2DC81F4800BDD70B /* Release */ = {
			isa = XCBuildConfiguration;
			baseConfigurationReference = A7EA49382DC969F3002923D0 /* Config.xcconfig */;
			buildSettings = {
				CODE_SIGN_STYLE = Automatic;
				CURRENT_PROJECT_VERSION = 1;
				GENERATE_INFOPLIST_FILE = YES;
				MARKETING_VERSION = 1.0;
				PRODUCT_BUNDLE_IDENTIFIER = jsonDummy.ProductsUITests;
				PRODUCT_NAME = "$(TARGET_NAME)";
				SWIFT_EMIT_LOC_STRINGS = NO;
				SWIFT_VERSION = 5.0;
				TARGETED_DEVICE_FAMILY = "1,2";
				TEST_TARGET_NAME = Products;
			};
			name = Release;
		};
/* End XCBuildConfiguration section */

/* Begin XCConfigurationList section */
		A7251DB62DC81F4500BDD70B /* Build configuration list for PBXProject "Products" */ = {
			isa = XCConfigurationList;
			buildConfigurations = (
				A7251DE72DC81F4800BDD70B /* Debug */,
				A7251DE82DC81F4800BDD70B /* Release */,
			);
			defaultConfigurationIsVisible = 0;
			defaultConfigurationName = Release;
		};
		A7251DE42DC81F4800BDD70B /* Build configuration list for PBXNativeTarget "Products" */ = {
			isa = XCConfigurationList;
			buildConfigurations = (
				A7251DE52DC81F4800BDD70B /* Debug */,
				A7251DE62DC81F4800BDD70B /* Release */,
			);
			defaultConfigurationIsVisible = 0;
			defaultConfigurationName = Release;
		};
		A7251DE92DC81F4800BDD70B /* Build configuration list for PBXNativeTarget "ProductsTests" */ = {
			isa = XCConfigurationList;
			buildConfigurations = (
				A7251DEA2DC81F4800BDD70B /* Debug */,
				A7251DEB2DC81F4800BDD70B /* Release */,
			);
			defaultConfigurationIsVisible = 0;
			defaultConfigurationName = Release;
		};
		A7251DEC2DC81F4800BDD70B /* Build configuration list for PBXNativeTarget "ProductsUITests" */ = {
			isa = XCConfigurationList;
			buildConfigurations = (
				A7251DED2DC81F4800BDD70B /* Debug */,
				A7251DEE2DC81F4800BDD70B /* Release */,
			);
			defaultConfigurationIsVisible = 0;
			defaultConfigurationName = Release;
		};
/* End XCConfigurationList section */

/* Begin XCRemoteSwiftPackageReference section */
		A7EA493F2DC96E73002923D0 /* XCRemoteSwiftPackageReference "SwiftKeychainWrapper" */ = {
			isa = XCRemoteSwiftPackageReference;
			repositoryURL = "https://github.com/jrendel/SwiftKeychainWrapper";
			requirement = {
				kind = upToNextMajorVersion;
				minimumVersion = 4.0.1;
			};
		};
/* End XCRemoteSwiftPackageReference section */

/* Begin XCSwiftPackageProductDependency section */
		A7EA49402DC96E73002923D0 /* SwiftKeychainWrapper */ = {
			isa = XCSwiftPackageProductDependency;
			package = A7EA493F2DC96E73002923D0 /* XCRemoteSwiftPackageReference "SwiftKeychainWrapper" */;
			productName = SwiftKeychainWrapper;
		};
/* End XCSwiftPackageProductDependency section */
	};
	rootObject = A7251DB32DC81F4500BDD70B /* Project object */;
}
